
Microsoft Visual Studio Solution File, Format Version 12.00
# Visual Studio Version 17
VisualStudioVersion = 17.13.35913.81 d17.13
MinimumVisualStudioVersion = 10.0.40219.1
Project("{FAE04EC0-301F-11D3-BF4B-00C04F79EFBC}") = "aps01", "ConsoleApp1\aps01.csproj", "{2B6A363C-B265-4DC4-8FAB-6F1180975826}"
EndProject
Global
	GlobalSection(SolutionConfigurationPlatforms) = preSolution
		Debug|Any CPU = Debug|Any CPU
		Release|Any CPU = Release|Any CPU
	EndGlobalSection
	GlobalSection(ProjectConfigurationPlatforms) = postSolution
		{2B6A363C-B265-4DC4-8FAB-6F1180975826}.Debug|Any CPU.ActiveCfg = Debug|Any CPU
		{2B6A363C-B265-4DC4-8FAB-6F1180975826}.Debug|Any CPU.Build.0 = Debug|Any CPU
		{2B6A363C-B265-4DC4-8FAB-6F1180975826}.Release|Any CPU.ActiveCfg = Release|Any CPU
		{2B6A363C-B265-4DC4-8FAB-6F1180975826}.Release|Any CPU.Build.0 = Release|Any CPU
	EndGlobalSection
	GlobalSection(SolutionProperties) = preSolution
		HideSolutionNode = FALSE
	EndGlobalSection
	GlobalSection(ExtensibilityGlobals) = postSolution
		SolutionGuid = {839FACDE-15B2-40F2-A4CC-38CD7A1201D8}
	EndGlobalSection
EndGlobal
